{
  "name": "tollio-ai",
  "version": "0.0.0",
  "lockfileVersion": 3,
  "requires": true,
  "packages": {
    "": {
      "name": "tollio-ai",
      "version": "0.0.0",
      "workspaces": [
        "apps/mobile",
        "services/api",
        "services/agent",
        "packages/shared"
      ],
      "engines": {
        "node": ">=22 <23"
      }
    }
  }
}
